# This file is automatically @generated by Cargo.
# It is not intended for manual editing.
version = 4

[[package]]
name = "cajal-cfg"
version = "0.1.0"
dependencies = [
 "ezcfg",
]

[[package]]
name = "ezcfg"
version = "0.1.0"
source = "registry+https://github.com/rust-lang/crates.io-index"
checksum = "0eb7a66d5402cb1cba625e4025e46972f99aaf7c27ad59b6710bfd41434ac2c2"
