# This file is automatically @generated by Cargo.
# It is not intended for manual editing.
version = 4

[[package]]
name = "cajal-cfg"
version = "0.1.0"
dependencies = [
 "ezcfg",
]

[[package]]
name = "ezcfg"
version = "0.1.1"
source = "registry+https://github.com/rust-lang/crates.io-index"
checksum = "91b06e7812d6fddd6365c879441c1e7682871904a57b4c7f50c3e54e71581304"
