# This file is automatically @generated by Cargo.
# It is not intended for manual editing.
version = 4

[[package]]
name = "cajal-cfg"
version = "0.1.0"
dependencies = [
 "ezcfg",
]

[[package]]
name = "ezcfg"
version = "0.1.2"
source = "registry+https://github.com/rust-lang/crates.io-index"
checksum = "3028de97ca229da19a70ce4baeea69dfaf8b1b0b852dd6693fc0f414e55a3ef9"
